
Microsoft Visual Studio Solution File, Format Version 12.00
# Visual Studio Version 17
VisualStudioVersion = 17.2.32526.322
MinimumVisualStudioVersion = 10.0.40219.1
Project("{FAE04EC0-301F-11D3-BF4B-00C04F79EFBC}") = "Shopping List", "Shopping List\Shopping List.csproj", "{A03144FD-27A4-456D-8AF0-58C4516CEDEE}"
EndProject
Global
	GlobalSection(SolutionConfigurationPlatforms) = preSolution
		Debug|Any CPU = Debug|Any CPU
		Release|Any CPU = Release|Any CPU
	EndGlobalSection
	GlobalSection(ProjectConfigurationPlatforms) = postSolution
		{A03144FD-27A4-456D-8AF0-58C4516CEDEE}.Debug|Any CPU.ActiveCfg = Debug|Any CPU
		{A03144FD-27A4-456D-8AF0-58C4516CEDEE}.Debug|Any CPU.Build.0 = Debug|Any CPU
		{A03144FD-27A4-456D-8AF0-58C4516CEDEE}.Release|Any CPU.ActiveCfg = Release|Any CPU
		{A03144FD-27A4-456D-8AF0-58C4516CEDEE}.Release|Any CPU.Build.0 = Release|Any CPU
	EndGlobalSection
	GlobalSection(SolutionProperties) = preSolution
		HideSolutionNode = FALSE
	EndGlobalSection
	GlobalSection(ExtensibilityGlobals) = postSolution
		SolutionGuid = {6FF1368F-93DE-4276-974C-B3176D2A5B02}
	EndGlobalSection
EndGlobal
